{
  "originHash" : "e02fe0e240581bc206d87e3b4c3f540bfc252241a97a58fc2868bce5f05ac418",
  "pins" : [
    {
      "identity" : "mgdropdown",
      "kind" : "remoteSourceControl",
      "location" : "https://github.com/Mohanraj-Freelancer/MGDropdown.git",
      "state" : {
        "revision" : "e02954e8961334e6a3e10ab3e3c2a8dd902546b7",
        "version" : "1.0.5"
      }
    }
  ],
  "version" : 3
}
