{
  "originHash" : "e02fe0e240581bc206d87e3b4c3f540bfc252241a97a58fc2868bce5f05ac418",
  "pins" : [
    {
      "identity" : "mgdropdown",
      "kind" : "remoteSourceControl",
      "location" : "https://github.com/Mohanraj-Freelancer/MGDropdown.git",
      "state" : {
        "revision" : "2763f1eb3b2534272549cd949517cd2bc7536e58",
        "version" : "1.0.4"
      }
    }
  ],
  "version" : 3
}
